// !$*UTF8*$!
{
	archiveVersion = 1;
	classes = {
	};
	objectVersion = 50;
	objects = {

/* Begin PBXBuildFile section */
		91EDB90F20B6FBAE00B0761A /* AppDelegate.swift in Sources */ = {isa = PBXBuildFile; fileRef = 91EDB90E20B6FBAE00B0761A /* AppDelegate.swift */; };
		91EDB91120B6FBAE00B0761A /* ViewController.swift in Sources */ = {isa = PBXBuildFile; fileRef = 91EDB91020B6FBAE00B0761A /* ViewController.swift */; };
		91EDB91420B6FBAE00B0761A /* Main.storyboard in Resources */ = {isa = PBXBuildFile; fileRef = 91EDB91220B6FBAE00B0761A /* Main.storyboard */; };
		91EDB91720B6FBAE00B0761A /* gym.xcdatamodeld in Sources */ = {isa = PBXBuildFile; fileRef = 91EDB91520B6FBAE00B0761A /* gym.xcdatamodeld */; };
		91EDB91920B6FBAF00B0761A /* Assets.xcassets in Resources */ = {isa = PBXBuildFile; fileRef = 91EDB91820B6FBAF00B0761A /* Assets.xcassets */; };
		91EDB91C20B6FBAF00B0761A /* LaunchScreen.storyboard in Resources */ = {isa = PBXBuildFile; fileRef = 91EDB91A20B6FBAF00B0761A /* LaunchScreen.storyboard */; };
		91EDB92420B7046E00B0761A /* GymController.swift in Sources */ = {isa = PBXBuildFile; fileRef = 91EDB92320B7046E00B0761A /* GymController.swift */; };
/* End PBXBuildFile section */

/* Begin PBXFileReference section */
		91EDB90B20B6FBAE00B0761A /* gym.app */ = {isa = PBXFileReference; explicitFileType = wrapper.application; includeInIndex = 0; path = gym.app; sourceTree = BUILT_PRODUCTS_DIR; };
		91EDB90E20B6FBAE00B0761A /* AppDelegate.swift */ = {isa = PBXFileReference; lastKnownFileType = sourcecode.swift; path = AppDelegate.swift; sourceTree = "<group>"; };
		91EDB91020B6FBAE00B0761A /* ViewController.swift */ = {isa = PBXFileReference; lastKnownFileType = sourcecode.swift; path = ViewController.swift; sourceTree = "<group>"; };
		91EDB91320B6FBAE00B0761A /* Base */ = {isa = PBXFileReference; lastKnownFileType = file.storyboard; name = Base; path = Base.lproj/Main.storyboard; sourceTree = "<group>"; };
		91EDB91620B6FBAE00B0761A /* gym.xcdatamodel */ = {isa = PBXFileReference; lastKnownFileType = wrapper.xcdatamodel; path = gym.xcdatamodel; sourceTree = "<group>"; };
		91EDB91820B6FBAF00B0761A /* Assets.xcassets */ = {isa = PBXFileReference; lastKnownFileType = folder.assetcatalog; path = Assets.xcassets; sourceTree = "<group>"; };
		91EDB91B20B6FBAF00B0761A /* Base */ = {isa = PBXFileReference; lastKnownFileType = file.storyboard; name = Base; path = Base.lproj/LaunchScreen.storyboard; sourceTree = "<group>"; };
		91EDB91D20B6FBAF00B0761A /* Info.plist */ = {isa = PBXFileReference; lastKnownFileType = text.plist.xml; path = Info.plist; sourceTree = "<group>"; };
		91EDB92320B7046E00B0761A /* GymController.swift */ = {isa = PBXFileReference; lastKnownFileType = sourcecode.swift; path = GymController.swift; sourceTree = "<group>"; };
/* End PBXFileReference section */

/* Begin PBXFrameworksBuildPhase section */
		91EDB90820B6FBAE00B0761A /* Frameworks */ = {
			isa = PBXFrameworksBuildPhase;
			buildActionMask = 2147483647;
			files = (
			);
			runOnlyForDeploymentPostprocessing = 0;
		};
/* End PBXFrameworksBuildPhase section */

/* Begin PBXGroup section */
		91EDB90220B6FBAE00B0761A = {
			isa = PBXGroup;
			children = (
				91EDB90D20B6FBAE00B0761A /* gym */,
				91EDB90C20B6FBAE00B0761A /* Products */,
			);
			sourceTree = "<group>";
		};
		91EDB90C20B6FBAE00B0761A /* Products */ = {
			isa = PBXGroup;
			children = (
				91EDB90B20B6FBAE00B0761A /* gym.app */,
			);
			name = Products;
			sourceTree = "<group>";
		};
		91EDB90D20B6FBAE00B0761A /* gym */ = {
			isa = PBXGroup;
			children = (
				91EDB90E20B6FBAE00B0761A /* AppDelegate.swift */,
				91EDB91020B6FBAE00B0761A /* ViewController.swift */,
				91EDB91220B6FBAE00B0761A /* Main.storyboard */,
				91EDB91820B6FBAF00B0761A /* Assets.xcassets */,
				91EDB91A20B6FBAF00B0761A /* LaunchScreen.storyboard */,
				91EDB91D20B6FBAF00B0761A /* Info.plist */,
				91EDB91520B6FBAE00B0761A /* gym.xcdatamodeld */,
				91EDB92320B7046E00B0761A /* GymController.swift */,
			);
			path = gym;
			sourceTree = "<group>";
		};
/* End PBXGroup section */

/* Begin PBXNativeTarget section */
		91EDB90A20B6FBAE00B0761A /* gym */ = {
			isa = PBXNativeTarget;
			buildConfigurationList = 91EDB92020B6FBAF00B0761A /* Build configuration list for PBXNativeTarget "gym" */;
			buildPhases = (
				91EDB90720B6FBAE00B0761A /* Sources */,
				91EDB90820B6FBAE00B0761A /* Frameworks */,
				91EDB90920B6FBAE00B0761A /* Resources */,
			);
			buildRules = (
			);
			dependencies = (
			);
			name = gym;
			productName = gym;
			productReference = 91EDB90B20B6FBAE00B0761A /* gym.app */;
			productType = "com.apple.product-type.application";
		};
/* End PBXNativeTarget section */

/* Begin PBXProject section */
		91EDB90320B6FBAE00B0761A /* Project object */ = {
			isa = PBXProject;
			attributes = {
				LastSwiftUpdateCheck = 0930;
				LastUpgradeCheck = 0930;
				ORGANIZATIONNAME = "mehdi dridi";
				TargetAttributes = {
					91EDB90A20B6FBAE00B0761A = {
						CreatedOnToolsVersion = 9.3.1;
					};
				};
			};
			buildConfigurationList = 91EDB90620B6FBAE00B0761A /* Build configuration list for PBXProject "gym" */;
			compatibilityVersion = "Xcode 9.3";
			developmentRegion = en;
			hasScannedForEncodings = 0;
			knownRegions = (
				en,
				Base,
			);
			mainGroup = 91EDB90220B6FBAE00B0761A;
			productRefGroup = 91EDB90C20B6FBAE00B0761A /* Products */;
			projectDirPath = "";
			projectRoot = "";
			targets = (
				91EDB90A20B6FBAE00B0761A /* gym */,
			);
		};
/* End PBXProject section */

/* Begin PBXResourcesBuildPhase section */
		91EDB90920B6FBAE00B0761A /* Resources */ = {
			isa = PBXResourcesBuildPhase;
			buildActionMask = 2147483647;
			files = (
				91EDB91C20B6FBAF00B0761A /* LaunchScreen.storyboard in Resources */,
				91EDB91920B6FBAF00B0761A /* Assets.xcassets in Resources */,
				91EDB91420B6FBAE00B0761A /* Main.storyboard in Resources */,
			);
			runOnlyForDeploymentPostprocessing = 0;
		};
/* End PBXResourcesBuildPhase section */

/* Begin PBXSourcesBuildPhase section */
		91EDB90720B6FBAE00B0761A /* Sources */ = {
			isa = PBXSourcesBuildPhase;
			buildActionMask = 2147483647;
			files = (
				91EDB91120B6FBAE00B0761A /* ViewController.swift in Sources */,
				91EDB91720B6FBAE00B0761A /* gym.xcdatamodeld in Sources */,
				91EDB90F20B6FBAE00B0761A /* AppDelegate.swift in Sources */,
				91EDB92420B7046E00B0761A /* GymController.swift in Sources */,
			);
			runOnlyForDeploymentPostprocessing = 0;
		};
/* End PBXSourcesBuildPhase section */

/* Begin PBXVariantGroup section */
		91EDB91220B6FBAE00B0761A /* Main.storyboard */ = {
			isa = PBXVariantGroup;
			children = (
				91EDB91320B6FBAE00B0761A /* Base */,
			);
			name = Main.storyboard;
			sourceTree = "<group>";
		};
		91EDB91A20B6FBAF00B0761A /* LaunchScreen.storyboard */ = {
			isa = PBXVariantGroup;
			children = (
				91EDB91B20B6FBAF00B0761A /* Base */,
			);
			name = LaunchScreen.storyboard;
			sourceTree = "<group>";
		};
/* End PBXVariantGroup section */

/* Begin XCBuildConfiguration section */
		91EDB91E20B6FBAF00B0761A /* Debug */ = {
			isa = XCBuildConfiguration;
			buildSettings = {
				ALWAYS_SEARCH_USER_PATHS = NO;
				CLANG_ANALYZER_NONNULL = YES;
				CLANG_ANALYZER_NUMBER_OBJECT_CONVERSION = YES_AGGRESSIVE;
				CLANG_CXX_LANGUAGE_STANDARD = "gnu++14";
				CLANG_CXX_LIBRARY = "libc++";
				CLANG_ENABLE_MODULES = YES;
				CLANG_ENABLE_OBJC_ARC = YES;
				CLANG_ENABLE_OBJC_WEAK = YES;
				CLANG_WARN_BLOCK_CAPTURE_AUTORELEASING = YES;
				CLANG_WARN_BOOL_CONVERSION = YES;
				CLANG_WARN_COMMA = YES;
				CLANG_WARN_CONSTANT_CONVERSION = YES;
				CLANG_WARN_DEPRECATED_OBJC_IMPLEMENTATIONS = YES;
				CLANG_WARN_DIRECT_OBJC_ISA_USAGE = YES_ERROR;
				CLANG_WARN_DOCUMENTATION_COMMENTS = YES;
				CLANG_WARN_EMPTY_BODY = YES;
				CLANG_WARN_ENUM_CONVERSION = YES;
				CLANG_WARN_INFINITE_RECURSION = YES;
				CLANG_WARN_INT_CONVERSION = YES;
				CLANG_WARN_NON_LITERAL_NULL_CONVERSION = YES;
				CLANG_WARN_OBJC_IMPLICIT_RETAIN_SELF = YES;
				CLANG_WARN_OBJC_LITERAL_CONVERSION = YES;
				CLANG_WARN_OBJC_ROOT_CLASS = YES_ERROR;
				CLANG_WARN_RANGE_LOOP_ANALYSIS = YES;
				CLANG_WARN_STRICT_PROTOTYPES = YES;
				CLANG_WARN_SUSPICIOUS_MOVE = YES;
				CLANG_WARN_UNGUARDED_AVAILABILITY = YES_AGGRESSIVE;
				CLANG_WARN_UNREACHABLE_CODE = YES;
				CLANG_WARN__DUPLICATE_METHOD_MATCH = YES;
				CODE_SIGN_IDENTITY = "iPhone Developer";
				COPY_PHASE_STRIP = NO;
				DEBUG_INFORMATION_FORMAT = dwarf;
				ENABLE_STRICT_OBJC_MSGSEND = YES;
				ENABLE_TESTABILITY = YES;
				GCC_C_LANGUAGE_STANDARD = gnu11;
				GCC_DYNAMIC_NO_PIC = NO;
				GCC_NO_COMMON_BLOCKS = YES;
				GCC_OPTIMIZATION_LEVEL = 0;
				GCC_PREPROCESSOR_DEFINITIONS = (
					"DEBUG=1",
					"$(inherited)",
				);
				GCC_WARN_64_TO_32_BIT_CONVERSION = YES;
				GCC_WARN_ABOUT_RETURN_TYPE = YES_ERROR;
				GCC_WARN_UNDECLARED_SELECTOR = YES;
				GCC_WARN_UNINITIALIZED_AUTOS = YES_AGGRESSIVE;
				GCC_WARN_UNUSED_FUNCTION = YES;
				GCC_WARN_UNUSED_VARIABLE = YES;
				IPHONEOS_DEPLOYMENT_TARGET = 11.3;
				MTL_ENABLE_DEBUG_INFO = YES;
				ONLY_ACTIVE_ARCH = YES;
				SDKROOT = iphoneos;
				SWIFT_ACTIVE_COMPILATION_CONDITIONS = DEBUG;
				SWIFT_OPTIMIZATION_LEVEL = "-Onone";
			};
			name = Debug;
		};
		91EDB91F20B6FBAF00B0761A /* Release */ = {
			isa = XCBuildConfiguration;
			buildSettings = {
				ALWAYS_SEARCH_USER_PATHS = NO;
				CLANG_ANALYZER_NONNULL = YES;
				CLANG_ANALYZER_NUMBER_OBJECT_CONVERSION = YES_AGGRESSIVE;
				CLANG_CXX_LANGUAGE_STANDARD = "gnu++14";
				CLANG_CXX_LIBRARY = "libc++";
				CLANG_ENABLE_MODULES = YES;
				CLANG_ENABLE_OBJC_ARC = YES;
				CLANG_ENABLE_OBJC_WEAK = YES;
				CLANG_WARN_BLOCK_CAPTURE_AUTORELEASING = YES;
				CLANG_WARN_BOOL_CONVERSION = YES;
				CLANG_WARN_COMMA = YES;
				CLANG_WARN_CONSTANT_CONVERSION = YES;
				CLANG_WARN_DEPRECATED_OBJC_IMPLEMENTATIONS = YES;
				CLANG_WARN_DIRECT_OBJC_ISA_USAGE = YES_ERROR;
				CLANG_WARN_DOCUMENTATION_COMMENTS = YES;
				CLANG_WARN_EMPTY_BODY = YES;
				CLANG_WARN_ENUM_CONVERSION = YES;
				CLANG_WARN_INFINITE_RECURSION = YES;
				CLANG_WARN_INT_CONVERSION = YES;
				CLANG_WARN_NON_LITERAL_NULL_CONVERSION = YES;
				CLANG_WARN_OBJC_IMPLICIT_RETAIN_SELF = YES;
				CLANG_WARN_OBJC_LITERAL_CONVERSION = YES;
				CLANG_WARN_OBJC_ROOT_CLASS = YES_ERROR;
				CLANG_WARN_RANGE_LOOP_ANALYSIS = YES;
				CLANG_WARN_STRICT_PROTOTYPES = YES;
				CLANG_WARN_SUSPICIOUS_MOVE = YES;
				CLANG_WARN_UNGUARDED_AVAILABILITY = YES_AGGRESSIVE;
				CLANG_WARN_UNREACHABLE_CODE = YES;
				CLANG_WARN__DUPLICATE_METHOD_MATCH = YES;
				CODE_SIGN_IDENTITY = "iPhone Developer";
				COPY_PHASE_STRIP = NO;
				DEBUG_INFORMATION_FORMAT = "dwarf-with-dsym";
				ENABLE_NS_ASSERTIONS = NO;
				ENABLE_STRICT_OBJC_MSGSEND = YES;
				GCC_C_LANGUAGE_STANDARD = gnu11;
				GCC_NO_COMMON_BLOCKS = YES;
				GCC_WARN_64_TO_32_BIT_CONVERSION = YES;
				GCC_WARN_ABOUT_RETURN_TYPE = YES_ERROR;
				GCC_WARN_UNDECLARED_SELECTOR = YES;
				GCC_WARN_UNINITIALIZED_AUTOS = YES_AGGRESSIVE;
				GCC_WARN_UNUSED_FUNCTION = YES;
				GCC_WARN_UNUSED_VARIABLE = YES;
				IPHONEOS_DEPLOYMENT_TARGET = 11.3;
				MTL_ENABLE_DEBUG_INFO = NO;
				SDKROOT = iphoneos;
				SWIFT_COMPILATION_MODE = wholemodule;
				SWIFT_OPTIMIZATION_LEVEL = "-O";
				VALIDATE_PRODUCT = YES;
			};
			name = Release;
		};
		91EDB92120B6FBAF00B0761A /* Debug */ = {
			isa = XCBuildConfiguration;
			buildSettings = {
				ASSETCATALOG_COMPILER_APPICON_NAME = AppIcon;
				CODE_SIGN_STYLE = Automatic;
				INFOPLIST_FILE = gym/Info.plist;
				LD_RUNPATH_SEARCH_PATHS = (
					"$(inherited)",
					"@executable_path/Frameworks",
				);
				PRODUCT_BUNDLE_IDENTIFIER = "de.mehdi-dridi.gym";
				PRODUCT_NAME = "$(TARGET_NAME)";
				SWIFT_VERSION = 4.0;
				TARGETED_DEVICE_FAMILY = "1,2";
			};
			name = Debug;
		};
		91EDB92220B6FBAF00B0761A /* Release */ = {
			isa = XCBuildConfiguration;
			buildSettings = {
				ASSETCATALOG_COMPILER_APPICON_NAME = AppIcon;
				CODE_SIGN_STYLE = Automatic;
				INFOPLIST_FILE = gym/Info.plist;
				LD_RUNPATH_SEARCH_PATHS = (
					"$(inherited)",
					"@executable_path/Frameworks",
				);
				PRODUCT_BUNDLE_IDENTIFIER = "de.mehdi-dridi.gym";
				PRODUCT_NAME = "$(TARGET_NAME)";
				SWIFT_VERSION = 4.0;
				TARGETED_DEVICE_FAMILY = "1,2";
			};
			name = Release;
		};
/* End XCBuildConfiguration section */

/* Begin XCConfigurationList section */
		91EDB90620B6FBAE00B0761A /* Build configuration list for PBXProject "gym" */ = {
			isa = XCConfigurationList;
			buildConfigurations = (
				91EDB91E20B6FBAF00B0761A /* Debug */,
				91EDB91F20B6FBAF00B0761A /* Release */,
			);
			defaultConfigurationIsVisible = 0;
			defaultConfigurationName = Release;
		};
		91EDB92020B6FBAF00B0761A /* Build configuration list for PBXNativeTarget "gym" */ = {
			isa = XCConfigurationList;
			buildConfigurations = (
				91EDB92120B6FBAF00B0761A /* Debug */,
				91EDB92220B6FBAF00B0761A /* Release */,
			);
			defaultConfigurationIsVisible = 0;
			defaultConfigurationName = Release;
		};
/* End XCConfigurationList section */

/* Begin XCVersionGroup section */
		91EDB91520B6FBAE00B0761A /* gym.xcdatamodeld */ = {
			isa = XCVersionGroup;
			children = (
				91EDB91620B6FBAE00B0761A /* gym.xcdatamodel */,
			);
			currentVersion = 91EDB91620B6FBAE00B0761A /* gym.xcdatamodel */;
			path = gym.xcdatamodeld;
			sourceTree = "<group>";
			versionGroupType = wrapper.xcdatamodel;
		};
/* End XCVersionGroup section */
	};
	rootObject = 91EDB90320B6FBAE00B0761A /* Project object */;
}
